
Microsoft Visual Studio Solution File, Format Version 12.00
# Visual Studio Version 16
VisualStudioVersion = 16.0.29509.3
MinimumVisualStudioVersion = 10.0.40219.1
Project("{FAE04EC0-301F-11D3-BF4B-00C04F79EFBC}") = "OOPDogRace", "OOPDogRace\OOPDogRace.csproj", "{1390C12B-A21A-4B04-A83C-FFE67D7F9DEC}"
EndProject
Project("{FAE04EC0-301F-11D3-BF4B-00C04F79EFBC}") = "DogRace_UnitTest", "UnitTestProject1\DogRace_UnitTest.csproj", "{BE31D33E-32DE-4119-ACCD-ABBC782813ED}"
EndProject
Global
	GlobalSection(SolutionConfigurationPlatforms) = preSolution
		Debug|Any CPU = Debug|Any CPU
		Release|Any CPU = Release|Any CPU
	EndGlobalSection
	GlobalSection(ProjectConfigurationPlatforms) = postSolution
		{1390C12B-A21A-4B04-A83C-FFE67D7F9DEC}.Debug|Any CPU.ActiveCfg = Debug|Any CPU
		{1390C12B-A21A-4B04-A83C-FFE67D7F9DEC}.Debug|Any CPU.Build.0 = Debug|Any CPU
		{1390C12B-A21A-4B04-A83C-FFE67D7F9DEC}.Release|Any CPU.ActiveCfg = Release|Any CPU
		{1390C12B-A21A-4B04-A83C-FFE67D7F9DEC}.Release|Any CPU.Build.0 = Release|Any CPU
		{BE31D33E-32DE-4119-ACCD-ABBC782813ED}.Debug|Any CPU.ActiveCfg = Debug|Any CPU
		{BE31D33E-32DE-4119-ACCD-ABBC782813ED}.Debug|Any CPU.Build.0 = Debug|Any CPU
		{BE31D33E-32DE-4119-ACCD-ABBC782813ED}.Release|Any CPU.ActiveCfg = Release|Any CPU
		{BE31D33E-32DE-4119-ACCD-ABBC782813ED}.Release|Any CPU.Build.0 = Release|Any CPU
	EndGlobalSection
	GlobalSection(SolutionProperties) = preSolution
		HideSolutionNode = FALSE
	EndGlobalSection
	GlobalSection(ExtensibilityGlobals) = postSolution
		SolutionGuid = {05DF6628-6D11-406B-B69B-E46BD241E03D}
	EndGlobalSection
EndGlobal
